// !$*UTF8*$!
{
	archiveVersion = 1;
	classes = {
	};
	objectVersion = 50;
	objects = {

/* Begin PBXBuildFile section */
		CC71CA07237FD23900C5BE36 /* AppDelegate.swift in Sources */ = {isa = PBXBuildFile; fileRef = CC71CA06237FD23900C5BE36 /* AppDelegate.swift */; };
		CC71CA09237FD23900C5BE36 /* SceneDelegate.swift in Sources */ = {isa = PBXBuildFile; fileRef = CC71CA08237FD23900C5BE36 /* SceneDelegate.swift */; };
		CC71CA0B237FD23900C5BE36 /* ContentView.swift in Sources */ = {isa = PBXBuildFile; fileRef = CC71CA0A237FD23900C5BE36 /* ContentView.swift */; };
		CC71CA0D237FD23A00C5BE36 /* Assets.xcassets in Resources */ = {isa = PBXBuildFile; fileRef = CC71CA0C237FD23A00C5BE36 /* Assets.xcassets */; };
		CC71CA10237FD23A00C5BE36 /* Preview Assets.xcassets in Resources */ = {isa = PBXBuildFile; fileRef = CC71CA0F237FD23A00C5BE36 /* Preview Assets.xcassets */; };
		CC71CA13237FD23A00C5BE36 /* LaunchScreen.storyboard in Resources */ = {isa = PBXBuildFile; fileRef = CC71CA11237FD23A00C5BE36 /* LaunchScreen.storyboard */; };
/* End PBXBuildFile section */

/* Begin PBXFileReference section */
		CC71CA03237FD23900C5BE36 /* Japanese.app */ = {isa = PBXFileReference; explicitFileType = wrapper.application; includeInIndex = 0; path = Japanese.app; sourceTree = BUILT_PRODUCTS_DIR; };
		CC71CA06237FD23900C5BE36 /* AppDelegate.swift */ = {isa = PBXFileReference; lastKnownFileType = sourcecode.swift; path = AppDelegate.swift; sourceTree = "<group>"; };
		CC71CA08237FD23900C5BE36 /* SceneDelegate.swift */ = {isa = PBXFileReference; lastKnownFileType = sourcecode.swift; path = SceneDelegate.swift; sourceTree = "<group>"; };
		CC71CA0A237FD23900C5BE36 /* ContentView.swift */ = {isa = PBXFileReference; lastKnownFileType = sourcecode.swift; path = ContentView.swift; sourceTree = "<group>"; };
		CC71CA0C237FD23A00C5BE36 /* Assets.xcassets */ = {isa = PBXFileReference; lastKnownFileType = folder.assetcatalog; path = Assets.xcassets; sourceTree = "<group>"; };
		CC71CA0F237FD23A00C5BE36 /* Preview Assets.xcassets */ = {isa = PBXFileReference; lastKnownFileType = folder.assetcatalog; path = "Preview Assets.xcassets"; sourceTree = "<group>"; };
		CC71CA12237FD23A00C5BE36 /* Base */ = {isa = PBXFileReference; lastKnownFileType = file.storyboard; name = Base; path = Base.lproj/LaunchScreen.storyboard; sourceTree = "<group>"; };
		CC71CA14237FD23A00C5BE36 /* Info.plist */ = {isa = PBXFileReference; lastKnownFileType = text.plist.xml; path = Info.plist; sourceTree = "<group>"; };
/* End PBXFileReference section */

/* Begin PBXFrameworksBuildPhase section */
		CC71CA00237FD23900C5BE36 /* Frameworks */ = {
			isa = PBXFrameworksBuildPhase;
			buildActionMask = 2147483647;
			files = (
			);
			runOnlyForDeploymentPostprocessing = 0;
		};
/* End PBXFrameworksBuildPhase section */

/* Begin PBXGroup section */
		CC71C9FA237FD23900C5BE36 = {
			isa = PBXGroup;
			children = (
				CC71CA05237FD23900C5BE36 /* Japanese */,
				CC71CA04237FD23900C5BE36 /* Products */,
			);
			sourceTree = "<group>";
		};
		CC71CA04237FD23900C5BE36 /* Products */ = {
			isa = PBXGroup;
			children = (
				CC71CA03237FD23900C5BE36 /* Japanese.app */,
			);
			name = Products;
			sourceTree = "<group>";
		};
		CC71CA05237FD23900C5BE36 /* Japanese */ = {
			isa = PBXGroup;
			children = (
				CC71CA06237FD23900C5BE36 /* AppDelegate.swift */,
				CC71CA08237FD23900C5BE36 /* SceneDelegate.swift */,
				CC71CA0A237FD23900C5BE36 /* ContentView.swift */,
				CC71CA0C237FD23A00C5BE36 /* Assets.xcassets */,
				CC71CA11237FD23A00C5BE36 /* LaunchScreen.storyboard */,
				CC71CA14237FD23A00C5BE36 /* Info.plist */,
				CC71CA0E237FD23A00C5BE36 /* Preview Content */,
			);
			path = Japanese;
			sourceTree = "<group>";
		};
		CC71CA0E237FD23A00C5BE36 /* Preview Content */ = {
			isa = PBXGroup;
			children = (
				CC71CA0F237FD23A00C5BE36 /* Preview Assets.xcassets */,
			);
			path = "Preview Content";
			sourceTree = "<group>";
		};
/* End PBXGroup section */

/* Begin PBXNativeTarget section */
		CC71CA02237FD23900C5BE36 /* Japanese */ = {
			isa = PBXNativeTarget;
			buildConfigurationList = CC71CA17237FD23A00C5BE36 /* Build configuration list for PBXNativeTarget "Japanese" */;
			buildPhases = (
				CC71C9FF237FD23900C5BE36 /* Sources */,
				CC71CA00237FD23900C5BE36 /* Frameworks */,
				CC71CA01237FD23900C5BE36 /* Resources */,
			);
			buildRules = (
			);
			dependencies = (
			);
			name = Japanese;
			productName = Japanese;
			productReference = CC71CA03237FD23900C5BE36 /* Japanese.app */;
			productType = "com.apple.product-type.application";
		};
/* End PBXNativeTarget section */

/* Begin PBXProject section */
		CC71C9FB237FD23900C5BE36 /* Project object */ = {
			isa = PBXProject;
			attributes = {
				LastSwiftUpdateCheck = 1120;
				LastUpgradeCheck = 1120;
				ORGANIZATIONNAME = "Alexander Greene";
				TargetAttributes = {
					CC71CA02237FD23900C5BE36 = {
						CreatedOnToolsVersion = 11.2.1;
					};
				};
			};
			buildConfigurationList = CC71C9FE237FD23900C5BE36 /* Build configuration list for PBXProject "Japanese" */;
			compatibilityVersion = "Xcode 9.3";
			developmentRegion = en;
			hasScannedForEncodings = 0;
			knownRegions = (
				en,
				Base,
			);
			mainGroup = CC71C9FA237FD23900C5BE36;
			productRefGroup = CC71CA04237FD23900C5BE36 /* Products */;
			projectDirPath = "";
			projectRoot = "";
			targets = (
				CC71CA02237FD23900C5BE36 /* Japanese */,
			);
		};
/* End PBXProject section */

/* Begin PBXResourcesBuildPhase section */
		CC71CA01237FD23900C5BE36 /* Resources */ = {
			isa = PBXResourcesBuildPhase;
			buildActionMask = 2147483647;
			files = (
				CC71CA13237FD23A00C5BE36 /* LaunchScreen.storyboard in Resources */,
				CC71CA10237FD23A00C5BE36 /* Preview Assets.xcassets in Resources */,
				CC71CA0D237FD23A00C5BE36 /* Assets.xcassets in Resources */,
			);
			runOnlyForDeploymentPostprocessing = 0;
		};
/* End PBXResourcesBuildPhase section */

/* Begin PBXSourcesBuildPhase section */
		CC71C9FF237FD23900C5BE36 /* Sources */ = {
			isa = PBXSourcesBuildPhase;
			buildActionMask = 2147483647;
			files = (
				CC71CA07237FD23900C5BE36 /* AppDelegate.swift in Sources */,
				CC71CA09237FD23900C5BE36 /* SceneDelegate.swift in Sources */,
				CC71CA0B237FD23900C5BE36 /* ContentView.swift in Sources */,
			);
			runOnlyForDeploymentPostprocessing = 0;
		};
/* End PBXSourcesBuildPhase section */

/* Begin PBXVariantGroup section */
		CC71CA11237FD23A00C5BE36 /* LaunchScreen.storyboard */ = {
			isa = PBXVariantGroup;
			children = (
				CC71CA12237FD23A00C5BE36 /* Base */,
			);
			name = LaunchScreen.storyboard;
			sourceTree = "<group>";
		};
/* End PBXVariantGroup section */

/* Begin XCBuildConfiguration section */
		CC71CA15237FD23A00C5BE36 /* Debug */ = {
			isa = XCBuildConfiguration;
			buildSettings = {
				ALWAYS_SEARCH_USER_PATHS = NO;
				CLANG_ANALYZER_NONNULL = YES;
				CLANG_ANALYZER_NUMBER_OBJECT_CONVERSION = YES_AGGRESSIVE;
				CLANG_CXX_LANGUAGE_STANDARD = "gnu++14";
				CLANG_CXX_LIBRARY = "libc++";
				CLANG_ENABLE_MODULES = YES;
				CLANG_ENABLE_OBJC_ARC = YES;
				CLANG_ENABLE_OBJC_WEAK = YES;
				CLANG_WARN_BLOCK_CAPTURE_AUTORELEASING = YES;
				CLANG_WARN_BOOL_CONVERSION = YES;
				CLANG_WARN_COMMA = YES;
				CLANG_WARN_CONSTANT_CONVERSION = YES;
				CLANG_WARN_DEPRECATED_OBJC_IMPLEMENTATIONS = YES;
				CLANG_WARN_DIRECT_OBJC_ISA_USAGE = YES_ERROR;
				CLANG_WARN_DOCUMENTATION_COMMENTS = YES;
				CLANG_WARN_EMPTY_BODY = YES;
				CLANG_WARN_ENUM_CONVERSION = YES;
				CLANG_WARN_INFINITE_RECURSION = YES;
				CLANG_WARN_INT_CONVERSION = YES;
				CLANG_WARN_NON_LITERAL_NULL_CONVERSION = YES;
				CLANG_WARN_OBJC_IMPLICIT_RETAIN_SELF = YES;
				CLANG_WARN_OBJC_LITERAL_CONVERSION = YES;
				CLANG_WARN_OBJC_ROOT_CLASS = YES_ERROR;
				CLANG_WARN_RANGE_LOOP_ANALYSIS = YES;
				CLANG_WARN_STRICT_PROTOTYPES = YES;
				CLANG_WARN_SUSPICIOUS_MOVE = YES;
				CLANG_WARN_UNGUARDED_AVAILABILITY = YES_AGGRESSIVE;
				CLANG_WARN_UNREACHABLE_CODE = YES;
				CLANG_WARN__DUPLICATE_METHOD_MATCH = YES;
				COPY_PHASE_STRIP = NO;
				DEBUG_INFORMATION_FORMAT = dwarf;
				ENABLE_STRICT_OBJC_MSGSEND = YES;
				ENABLE_TESTABILITY = YES;
				GCC_C_LANGUAGE_STANDARD = gnu11;
				GCC_DYNAMIC_NO_PIC = NO;
				GCC_NO_COMMON_BLOCKS = YES;
				GCC_OPTIMIZATION_LEVEL = 0;
				GCC_PREPROCESSOR_DEFINITIONS = (
					"DEBUG=1",
					"$(inherited)",
				);
				GCC_WARN_64_TO_32_BIT_CONVERSION = YES;
				GCC_WARN_ABOUT_RETURN_TYPE = YES_ERROR;
				GCC_WARN_UNDECLARED_SELECTOR = YES;
				GCC_WARN_UNINITIALIZED_AUTOS = YES_AGGRESSIVE;
				GCC_WARN_UNUSED_FUNCTION = YES;
				GCC_WARN_UNUSED_VARIABLE = YES;
				IPHONEOS_DEPLOYMENT_TARGET = 13.2;
				MTL_ENABLE_DEBUG_INFO = INCLUDE_SOURCE;
				MTL_FAST_MATH = YES;
				ONLY_ACTIVE_ARCH = YES;
				SDKROOT = iphoneos;
				SWIFT_ACTIVE_COMPILATION_CONDITIONS = DEBUG;
				SWIFT_OPTIMIZATION_LEVEL = "-Onone";
			};
			name = Debug;
		};
		CC71CA16237FD23A00C5BE36 /* Release */ = {
			isa = XCBuildConfiguration;
			buildSettings = {
				ALWAYS_SEARCH_USER_PATHS = NO;
				CLANG_ANALYZER_NONNULL = YES;
				CLANG_ANALYZER_NUMBER_OBJECT_CONVERSION = YES_AGGRESSIVE;
				CLANG_CXX_LANGUAGE_STANDARD = "gnu++14";
				CLANG_CXX_LIBRARY = "libc++";
				CLANG_ENABLE_MODULES = YES;
				CLANG_ENABLE_OBJC_ARC = YES;
				CLANG_ENABLE_OBJC_WEAK = YES;
				CLANG_WARN_BLOCK_CAPTURE_AUTORELEASING = YES;
				CLANG_WARN_BOOL_CONVERSION = YES;
				CLANG_WARN_COMMA = YES;
				CLANG_WARN_CONSTANT_CONVERSION = YES;
				CLANG_WARN_DEPRECATED_OBJC_IMPLEMENTATIONS = YES;
				CLANG_WARN_DIRECT_OBJC_ISA_USAGE = YES_ERROR;
				CLANG_WARN_DOCUMENTATION_COMMENTS = YES;
				CLANG_WARN_EMPTY_BODY = YES;
				CLANG_WARN_ENUM_CONVERSION = YES;
				CLANG_WARN_INFINITE_RECURSION = YES;
				CLANG_WARN_INT_CONVERSION = YES;
				CLANG_WARN_NON_LITERAL_NULL_CONVERSION = YES;
				CLANG_WARN_OBJC_IMPLICIT_RETAIN_SELF = YES;
				CLANG_WARN_OBJC_LITERAL_CONVERSION = YES;
				CLANG_WARN_OBJC_ROOT_CLASS = YES_ERROR;
				CLANG_WARN_RANGE_LOOP_ANALYSIS = YES;
				CLANG_WARN_STRICT_PROTOTYPES = YES;
				CLANG_WARN_SUSPICIOUS_MOVE = YES;
				CLANG_WARN_UNGUARDED_AVAILABILITY = YES_AGGRESSIVE;
				CLANG_WARN_UNREACHABLE_CODE = YES;
				CLANG_WARN__DUPLICATE_METHOD_MATCH = YES;
				COPY_PHASE_STRIP = NO;
				DEBUG_INFORMATION_FORMAT = "dwarf-with-dsym";
				ENABLE_NS_ASSERTIONS = NO;
				ENABLE_STRICT_OBJC_MSGSEND = YES;
				GCC_C_LANGUAGE_STANDARD = gnu11;
				GCC_NO_COMMON_BLOCKS = YES;
				GCC_WARN_64_TO_32_BIT_CONVERSION = YES;
				GCC_WARN_ABOUT_RETURN_TYPE = YES_ERROR;
				GCC_WARN_UNDECLARED_SELECTOR = YES;
				GCC_WARN_UNINITIALIZED_AUTOS = YES_AGGRESSIVE;
				GCC_WARN_UNUSED_FUNCTION = YES;
				GCC_WARN_UNUSED_VARIABLE = YES;
				IPHONEOS_DEPLOYMENT_TARGET = 13.2;
				MTL_ENABLE_DEBUG_INFO = NO;
				MTL_FAST_MATH = YES;
				SDKROOT = iphoneos;
				SWIFT_COMPILATION_MODE = wholemodule;
				SWIFT_OPTIMIZATION_LEVEL = "-O";
				VALIDATE_PRODUCT = YES;
			};
			name = Release;
		};
		CC71CA18237FD23A00C5BE36 /* Debug */ = {
			isa = XCBuildConfiguration;
			buildSettings = {
				ASSETCATALOG_COMPILER_APPICON_NAME = AppIcon;
				CODE_SIGN_STYLE = Automatic;
				DEVELOPMENT_ASSET_PATHS = "\"Japanese/Preview Content\"";
				DEVELOPMENT_TEAM = P9LG726DP9;
				ENABLE_PREVIEWS = YES;
				INFOPLIST_FILE = Japanese/Info.plist;
				LD_RUNPATH_SEARCH_PATHS = (
					"$(inherited)",
					"@executable_path/Frameworks",
				);
				PRODUCT_BUNDLE_IDENTIFIER = "com.alexander-greene.Japanese";
				PRODUCT_NAME = "$(TARGET_NAME)";
				SWIFT_VERSION = 5.0;
				TARGETED_DEVICE_FAMILY = "1,2";
			};
			name = Debug;
		};
		CC71CA19237FD23A00C5BE36 /* Release */ = {
			isa = XCBuildConfiguration;
			buildSettings = {
				ASSETCATALOG_COMPILER_APPICON_NAME = AppIcon;
				CODE_SIGN_STYLE = Automatic;
				DEVELOPMENT_ASSET_PATHS = "\"Japanese/Preview Content\"";
				DEVELOPMENT_TEAM = P9LG726DP9;
				ENABLE_PREVIEWS = YES;
				INFOPLIST_FILE = Japanese/Info.plist;
				LD_RUNPATH_SEARCH_PATHS = (
					"$(inherited)",
					"@executable_path/Frameworks",
				);
				PRODUCT_BUNDLE_IDENTIFIER = "com.alexander-greene.Japanese";
				PRODUCT_NAME = "$(TARGET_NAME)";
				SWIFT_VERSION = 5.0;
				TARGETED_DEVICE_FAMILY = "1,2";
			};
			name = Release;
		};
/* End XCBuildConfiguration section */

/* Begin XCConfigurationList section */
		CC71C9FE237FD23900C5BE36 /* Build configuration list for PBXProject "Japanese" */ = {
			isa = XCConfigurationList;
			buildConfigurations = (
				CC71CA15237FD23A00C5BE36 /* Debug */,
				CC71CA16237FD23A00C5BE36 /* Release */,
			);
			defaultConfigurationIsVisible = 0;
			defaultConfigurationName = Release;
		};
		CC71CA17237FD23A00C5BE36 /* Build configuration list for PBXNativeTarget "Japanese" */ = {
			isa = XCConfigurationList;
			buildConfigurations = (
				CC71CA18237FD23A00C5BE36 /* Debug */,
				CC71CA19237FD23A00C5BE36 /* Release */,
			);
			defaultConfigurationIsVisible = 0;
			defaultConfigurationName = Release;
		};
/* End XCConfigurationList section */
	};
	rootObject = CC71C9FB237FD23900C5BE36 /* Project object */;
}
